# THIS IS AN AUTOGENERATED FILE. DO NOT EDIT THIS FILE DIRECTLY.
# yarn lockfile v1


"@types/bson@*":
  version "1.0.11"
  resolved "http://10.1.2.119:4873/@types%2fbson/-/bson-1.0.11.tgz#c95ad69bb0b3f5c33b4bb6cc86d86cafb273335c"
  dependencies:
    "@types/node" "*"

"@types/events@*":
  version "1.2.0"
  resolved "http://10.1.2.119:4873/@types%2fevents/-/events-1.2.0.tgz#81a6731ce4df43619e5c8c945383b3e62a89ea86"

"@types/mongodb@*":
  version "3.1.4"
  resolved "http://10.1.2.119:4873/@types%2fmongodb/-/mongodb-3.1.4.tgz#f0f6dc8d509500c4a8213238066b68f0c8cb25a9"
  dependencies:
    "@types/bson" "*"
    "@types/events" "*"
    "@types/node" "*"

"@types/mongoose@^5.0.18":
  version "5.2.5"
  resolved "http://10.1.2.119:4873/@types%2fmongoose/-/mongoose-5.2.5.tgz#3a8467549744c105515299acc6f590e5403fb277"
  dependencies:
    "@types/events" "*"
    "@types/mongodb" "*"
    "@types/node" "*"

"@types/node@*":
  version "10.7.0"
  resolved "http://10.1.2.119:4873/@types%2fnode/-/node-10.7.0.tgz#d384b2c8625414ab2aa18fdf989c288d6a7a8202"

async@2.6.1:
  version "2.6.1"
  resolved "http://10.1.2.119:4873/async/-/async-2.6.1.tgz#b245a23ca71930044ec53fa46aa00a3e87c6a610"
  dependencies:
    lodash "^4.17.10"

bluebird@3.5.1:
  version "3.5.1"
  resolved "http://10.1.2.119:4873/bluebird/-/bluebird-3.5.1.tgz#d9551f9de98f1fcda1e683d17ee91a0602ee2eb9"

bson@~1.0.4, bson@~1.0.5:
  version "1.0.9"
  resolved "http://10.1.2.119:4873/bson/-/bson-1.0.9.tgz#12319f8323b1254739b7c6bef8d3e89ae05a2f57"

debug@3.1.0:
  version "3.1.0"
  resolved "http://10.1.2.119:4873/debug/-/debug-3.1.0.tgz#5bb5a0672628b64149566ba16819e61518c67261"
  dependencies:
    ms "2.0.0"

kareem@2.2.1:
  version "2.2.1"
  resolved "http://10.1.2.119:4873/kareem/-/kareem-2.2.1.tgz#9950809415aa3cde62ab43b4f7b919d99816e015"

lodash.get@4.4.2:
  version "4.4.2"
  resolved "http://10.1.2.119:4873/lodash.get/-/lodash.get-4.4.2.tgz#2d177f652fa31e939b4438d5341499dfa3825e99"

lodash@^4.17.10:
  version "4.17.10"
  resolved "http://10.1.2.119:4873/lodash/-/lodash-4.17.10.tgz#1b7793cf7259ea38fb3661d4d38b3260af8ae4e7"

mongodb-core@3.1.0:
  version "3.1.0"
  resolved "http://10.1.2.119:4873/mongodb-core/-/mongodb-core-3.1.0.tgz#af91f36fd560ed785f4e61e694432df4d3698aad"
  dependencies:
    bson "~1.0.4"
    require_optional "^1.0.1"
  optionalDependencies:
    saslprep "^1.0.0"

mongodb@3.1.1:
  version "3.1.1"
  resolved "http://10.1.2.119:4873/mongodb/-/mongodb-3.1.1.tgz#c018c4b277614e8b1e08426d5bcbe1a7e5cdbd74"
  dependencies:
    mongodb-core "3.1.0"

mongoose-legacy-pluralize@1.0.2:
  version "1.0.2"
  resolved "http://10.1.2.119:4873/mongoose-legacy-pluralize/-/mongoose-legacy-pluralize-1.0.2.tgz#3ba9f91fa507b5186d399fb40854bff18fb563e4"

mongoose@^5.1.6:
  version "5.2.8"
  resolved "http://10.1.2.119:4873/mongoose/-/mongoose-5.2.8.tgz#dd74ce0c4df803cb816c37ee1228d6663e2c2254"
  dependencies:
    async "2.6.1"
    bson "~1.0.5"
    kareem "2.2.1"
    lodash.get "4.4.2"
    mongodb "3.1.1"
    mongodb-core "3.1.0"
    mongoose-legacy-pluralize "1.0.2"
    mpath "0.4.1"
    mquery "3.1.2"
    ms "2.0.0"
    regexp-clone "0.0.1"
    safe-buffer "5.1.2"
    sliced "1.0.1"

mpath@0.4.1:
  version "0.4.1"
  resolved "http://10.1.2.119:4873/mpath/-/mpath-0.4.1.tgz#ed10388430380bf7bbb5be1391e5d6969cb08e89"

mquery@3.1.2:
  version "3.1.2"
  resolved "http://10.1.2.119:4873/mquery/-/mquery-3.1.2.tgz#46c2ea6d7a08c9b9e0716022fb2990708ddba9ff"
  dependencies:
    bluebird "3.5.1"
    debug "3.1.0"
    regexp-clone "0.0.1"
    sliced "1.0.1"

ms@2.0.0:
  version "2.0.0"
  resolved "http://10.1.2.119:4873/ms/-/ms-2.0.0.tgz#5608aeadfc00be6c2901df5f9861788de0d597c8"

regexp-clone@0.0.1:
  version "0.0.1"
  resolved "http://10.1.2.119:4873/regexp-clone/-/regexp-clone-0.0.1.tgz#a7c2e09891fdbf38fbb10d376fb73003e68ac589"

require_optional@^1.0.1:
  version "1.0.1"
  resolved "http://10.1.2.119:4873/require_optional/-/require_optional-1.0.1.tgz#4cf35a4247f64ca3df8c2ef208cc494b1ca8fc2e"
  dependencies:
    resolve-from "^2.0.0"
    semver "^5.1.0"

resolve-from@^2.0.0:
  version "2.0.0"
  resolved "http://10.1.2.119:4873/resolve-from/-/resolve-from-2.0.0.tgz#9480ab20e94ffa1d9e80a804c7ea147611966b57"

safe-buffer@5.1.2:
  version "5.1.2"
  resolved "http://10.1.2.119:4873/safe-buffer/-/safe-buffer-5.1.2.tgz#991ec69d296e0313747d59bdfd2b745c35f8828d"

saslprep@^1.0.0:
  version "1.0.1"
  resolved "http://10.1.2.119:4873/saslprep/-/saslprep-1.0.1.tgz#b644e0ba25b156b652f3cb90df7542f896049ba6"

semver@^5.1.0:
  version "5.5.0"
  resolved "http://10.1.2.119:4873/semver/-/semver-5.5.0.tgz#dc4bbc7a6ca9d916dee5d43516f0092b58f7b8ab"

sliced@1.0.1:
  version "1.0.1"
  resolved "http://10.1.2.119:4873/sliced/-/sliced-1.0.1.tgz#0b3a662b5d04c3177b1926bea82b03f837a2ef41"
